
Microsoft Visual Studio Solution File, Format Version 12.00
# Visual Studio 15
VisualStudioVersion = 15.0.27130.2020
MinimumVisualStudioVersion = 10.0.40219.1
Project("{8BC9CEB8-8B4A-11D0-8D11-00A0C91BC942}") = "Dll1", "Dll1\Dll1.vcxproj", "{F72FEFA6-5CF0-4D23-BD34-E03E98F1D7CA}"
EndProject
Global
	GlobalSection(SolutionConfigurationPlatforms) = preSolution
		Debug|x64 = Debug|x64
		Debug|x86 = Debug|x86
		Release|x64 = Release|x64
		Release|x86 = Release|x86
	EndGlobalSection
	GlobalSection(ProjectConfigurationPlatforms) = postSolution
		{F72FEFA6-5CF0-4D23-BD34-E03E98F1D7CA}.Debug|x64.ActiveCfg = Debug|x64
		{F72FEFA6-5CF0-4D23-BD34-E03E98F1D7CA}.Debug|x64.Build.0 = Debug|x64
		{F72FEFA6-5CF0-4D23-BD34-E03E98F1D7CA}.Debug|x86.ActiveCfg = Debug|Win32
		{F72FEFA6-5CF0-4D23-BD34-E03E98F1D7CA}.Debug|x86.Build.0 = Debug|Win32
		{F72FEFA6-5CF0-4D23-BD34-E03E98F1D7CA}.Release|x64.ActiveCfg = Release|x64
		{F72FEFA6-5CF0-4D23-BD34-E03E98F1D7CA}.Release|x64.Build.0 = Release|x64
		{F72FEFA6-5CF0-4D23-BD34-E03E98F1D7CA}.Release|x86.ActiveCfg = Release|Win32
		{F72FEFA6-5CF0-4D23-BD34-E03E98F1D7CA}.Release|x86.Build.0 = Release|Win32
	EndGlobalSection
	GlobalSection(SolutionProperties) = preSolution
		HideSolutionNode = FALSE
	EndGlobalSection
	GlobalSection(ExtensibilityGlobals) = postSolution
		SolutionGuid = {EB7CEAB0-D9C0-420D-B506-78C455152939}
	EndGlobalSection
EndGlobal
